
Microsoft Visual Studio Solution File, Format Version 12.00
# Visual Studio Version 17
VisualStudioVersion = 17.4.33213.308
MinimumVisualStudioVersion = 10.0.40219.1
Project("{FAE04EC0-301F-11D3-BF4B-00C04F79EFBC}") = "NZWalks.api", "NZWalks.api\NZWalks.api.csproj", "{7E0EF211-3E03-4223-B7D8-80F5E1FB7C30}"
EndProject
Global
	GlobalSection(SolutionConfigurationPlatforms) = preSolution
		Debug|Any CPU = Debug|Any CPU
		Release|Any CPU = Release|Any CPU
	EndGlobalSection
	GlobalSection(ProjectConfigurationPlatforms) = postSolution
		{7E0EF211-3E03-4223-B7D8-80F5E1FB7C30}.Debug|Any CPU.ActiveCfg = Debug|Any CPU
		{7E0EF211-3E03-4223-B7D8-80F5E1FB7C30}.Debug|Any CPU.Build.0 = Debug|Any CPU
		{7E0EF211-3E03-4223-B7D8-80F5E1FB7C30}.Release|Any CPU.ActiveCfg = Release|Any CPU
		{7E0EF211-3E03-4223-B7D8-80F5E1FB7C30}.Release|Any CPU.Build.0 = Release|Any CPU
	EndGlobalSection
	GlobalSection(SolutionProperties) = preSolution
		HideSolutionNode = FALSE
	EndGlobalSection
	GlobalSection(ExtensibilityGlobals) = postSolution
		SolutionGuid = {AF318EF5-9B8C-4489-AD54-EEA287A09963}
	EndGlobalSection
EndGlobal
